// !$*UTF8*$!
{
	archiveVersion = 1;
	classes = {
	};
	objectVersion = 46;
	objects = {

/* Begin PBXBuildFile section */
		E8155A0B1DEE9B1F00D3A8E7 /* AppDelegate.swift in Sources */ = {isa = PBXBuildFile; fileRef = E8155A0A1DEE9B1F00D3A8E7 /* AppDelegate.swift */; };
		E8155A0D1DEE9B1F00D3A8E7 /* Assets.xcassets in Resources */ = {isa = PBXBuildFile; fileRef = E8155A0C1DEE9B1F00D3A8E7 /* Assets.xcassets */; };
		E8155A101DEE9B1F00D3A8E7 /* MainMenu.xib in Resources */ = {isa = PBXBuildFile; fileRef = E8155A0E1DEE9B1F00D3A8E7 /* MainMenu.xib */; };
		E8155A1C1DEE9B7500D3A8E7 /* NullSafe.m in Sources */ = {isa = PBXBuildFile; fileRef = E8155A1B1DEE9B7500D3A8E7 /* NullSafe.m */; };
		E8155A1E1DEE9B7F00D3A8E7 /* json_test in Resources */ = {isa = PBXBuildFile; fileRef = E8155A1D1DEE9B7F00D3A8E7 /* json_test */; };
		E8155A201DEE9BBE00D3A8E7 /* JSONModel.swift in Sources */ = {isa = PBXBuildFile; fileRef = E8155A1F1DEE9BBE00D3A8E7 /* JSONModel.swift */; };
		E8C84FF11DF5480400BE767F /* NSTextField+copypast.m in Sources */ = {isa = PBXBuildFile; fileRef = E8C84FF01DF5480400BE767F /* NSTextField+copypast.m */; };
/* End PBXBuildFile section */

/* Begin PBXFileReference section */
		E8155A071DEE9B1F00D3A8E7 /* JSONModelForMac.app */ = {isa = PBXFileReference; explicitFileType = wrapper.application; includeInIndex = 0; path = JSONModelForMac.app; sourceTree = BUILT_PRODUCTS_DIR; };
		E8155A0A1DEE9B1F00D3A8E7 /* AppDelegate.swift */ = {isa = PBXFileReference; lastKnownFileType = sourcecode.swift; path = AppDelegate.swift; sourceTree = "<group>"; };
		E8155A0C1DEE9B1F00D3A8E7 /* Assets.xcassets */ = {isa = PBXFileReference; lastKnownFileType = folder.assetcatalog; path = Assets.xcassets; sourceTree = "<group>"; };
		E8155A0F1DEE9B1F00D3A8E7 /* Base */ = {isa = PBXFileReference; lastKnownFileType = file.xib; name = Base; path = Base.lproj/MainMenu.xib; sourceTree = "<group>"; };
		E8155A111DEE9B1F00D3A8E7 /* Info.plist */ = {isa = PBXFileReference; lastKnownFileType = text.plist.xml; path = Info.plist; sourceTree = "<group>"; };
		E8155A171DEE9B5B00D3A8E7 /* JSONModelForMac-Bridging-Header.h */ = {isa = PBXFileReference; lastKnownFileType = sourcecode.c.h; path = "JSONModelForMac-Bridging-Header.h"; sourceTree = "<group>"; };
		E8155A1B1DEE9B7500D3A8E7 /* NullSafe.m */ = {isa = PBXFileReference; fileEncoding = 4; lastKnownFileType = sourcecode.c.objc; path = NullSafe.m; sourceTree = "<group>"; };
		E8155A1D1DEE9B7F00D3A8E7 /* json_test */ = {isa = PBXFileReference; fileEncoding = 4; lastKnownFileType = text; path = json_test; sourceTree = "<group>"; };
		E8155A1F1DEE9BBE00D3A8E7 /* JSONModel.swift */ = {isa = PBXFileReference; fileEncoding = 4; lastKnownFileType = sourcecode.swift; path = JSONModel.swift; sourceTree = "<group>"; };
		E8C84FEE1DF53D6600BE767F /* zh-Hans */ = {isa = PBXFileReference; lastKnownFileType = text.plist.strings; name = "zh-Hans"; path = "zh-Hans.lproj/MainMenu.strings"; sourceTree = "<group>"; };
		E8C84FEF1DF5480400BE767F /* NSTextField+copypast.h */ = {isa = PBXFileReference; fileEncoding = 4; lastKnownFileType = sourcecode.c.h; path = "NSTextField+copypast.h"; sourceTree = "<group>"; };
		E8C84FF01DF5480400BE767F /* NSTextField+copypast.m */ = {isa = PBXFileReference; fileEncoding = 4; lastKnownFileType = sourcecode.c.objc; path = "NSTextField+copypast.m"; sourceTree = "<group>"; };
		E8E3B0AB1DF458C700725372 /* JSONModelForMac.entitlements */ = {isa = PBXFileReference; lastKnownFileType = text.plist.entitlements; path = JSONModelForMac.entitlements; sourceTree = "<group>"; };
/* End PBXFileReference section */

/* Begin PBXFrameworksBuildPhase section */
		E8155A041DEE9B1F00D3A8E7 /* Frameworks */ = {
			isa = PBXFrameworksBuildPhase;
			buildActionMask = 2147483647;
			files = (
			);
			runOnlyForDeploymentPostprocessing = 0;
		};
/* End PBXFrameworksBuildPhase section */

/* Begin PBXGroup section */
		E81559FE1DEE9B1F00D3A8E7 = {
			isa = PBXGroup;
			children = (
				E8155A091DEE9B1F00D3A8E7 /* JSONModelForMac */,
				E8155A081DEE9B1F00D3A8E7 /* Products */,
			);
			sourceTree = "<group>";
		};
		E8155A081DEE9B1F00D3A8E7 /* Products */ = {
			isa = PBXGroup;
			children = (
				E8155A071DEE9B1F00D3A8E7 /* JSONModelForMac.app */,
			);
			name = Products;
			sourceTree = "<group>";
		};
		E8155A091DEE9B1F00D3A8E7 /* JSONModelForMac */ = {
			isa = PBXGroup;
			children = (
				E8E3B0AB1DF458C700725372 /* JSONModelForMac.entitlements */,
				E8155A0A1DEE9B1F00D3A8E7 /* AppDelegate.swift */,
				E8155A1F1DEE9BBE00D3A8E7 /* JSONModel.swift */,
				E8C84FEF1DF5480400BE767F /* NSTextField+copypast.h */,
				E8C84FF01DF5480400BE767F /* NSTextField+copypast.m */,
				E8155A0C1DEE9B1F00D3A8E7 /* Assets.xcassets */,
				E8155A0E1DEE9B1F00D3A8E7 /* MainMenu.xib */,
				E8155A1D1DEE9B7F00D3A8E7 /* json_test */,
				E8155A111DEE9B1F00D3A8E7 /* Info.plist */,
				E8155A1B1DEE9B7500D3A8E7 /* NullSafe.m */,
				E8155A171DEE9B5B00D3A8E7 /* JSONModelForMac-Bridging-Header.h */,
			);
			path = JSONModelForMac;
			sourceTree = "<group>";
		};
/* End PBXGroup section */

/* Begin PBXNativeTarget section */
		E8155A061DEE9B1F00D3A8E7 /* JSONModelForMac */ = {
			isa = PBXNativeTarget;
			buildConfigurationList = E8155A141DEE9B1F00D3A8E7 /* Build configuration list for PBXNativeTarget "JSONModelForMac" */;
			buildPhases = (
				E8155A031DEE9B1F00D3A8E7 /* Sources */,
				E8155A041DEE9B1F00D3A8E7 /* Frameworks */,
				E8155A051DEE9B1F00D3A8E7 /* Resources */,
			);
			buildRules = (
			);
			dependencies = (
			);
			name = JSONModelForMac;
			productName = JSONModelForMac;
			productReference = E8155A071DEE9B1F00D3A8E7 /* JSONModelForMac.app */;
			productType = "com.apple.product-type.application";
		};
/* End PBXNativeTarget section */

/* Begin PBXProject section */
		E81559FF1DEE9B1F00D3A8E7 /* Project object */ = {
			isa = PBXProject;
			attributes = {
				LastSwiftUpdateCheck = 0810;
				LastUpgradeCheck = 0810;
				ORGANIZATIONNAME = github.com/JerryLoveRice;
				TargetAttributes = {
					E8155A061DEE9B1F00D3A8E7 = {
						CreatedOnToolsVersion = 8.1;
						DevelopmentTeam = 8LQ2J22YEZ;
						LastSwiftMigration = 0810;
						ProvisioningStyle = Automatic;
						SystemCapabilities = {
							com.apple.Sandbox = {
								enabled = 0;
							};
							com.apple.iCloud = {
								enabled = 0;
							};
						};
					};
				};
			};
			buildConfigurationList = E8155A021DEE9B1F00D3A8E7 /* Build configuration list for PBXProject "JSONModelForMac" */;
			compatibilityVersion = "Xcode 3.2";
			developmentRegion = English;
			hasScannedForEncodings = 0;
			knownRegions = (
				en,
				Base,
			);
			mainGroup = E81559FE1DEE9B1F00D3A8E7;
			productRefGroup = E8155A081DEE9B1F00D3A8E7 /* Products */;
			projectDirPath = "";
			projectRoot = "";
			targets = (
				E8155A061DEE9B1F00D3A8E7 /* JSONModelForMac */,
			);
		};
/* End PBXProject section */

/* Begin PBXResourcesBuildPhase section */
		E8155A051DEE9B1F00D3A8E7 /* Resources */ = {
			isa = PBXResourcesBuildPhase;
			buildActionMask = 2147483647;
			files = (
				E8155A1E1DEE9B7F00D3A8E7 /* json_test in Resources */,
				E8155A0D1DEE9B1F00D3A8E7 /* Assets.xcassets in Resources */,
				E8155A101DEE9B1F00D3A8E7 /* MainMenu.xib in Resources */,
			);
			runOnlyForDeploymentPostprocessing = 0;
		};
/* End PBXResourcesBuildPhase section */

/* Begin PBXSourcesBuildPhase section */
		E8155A031DEE9B1F00D3A8E7 /* Sources */ = {
			isa = PBXSourcesBuildPhase;
			buildActionMask = 2147483647;
			files = (
				E8155A0B1DEE9B1F00D3A8E7 /* AppDelegate.swift in Sources */,
				E8C84FF11DF5480400BE767F /* NSTextField+copypast.m in Sources */,
				E8155A1C1DEE9B7500D3A8E7 /* NullSafe.m in Sources */,
				E8155A201DEE9BBE00D3A8E7 /* JSONModel.swift in Sources */,
			);
			runOnlyForDeploymentPostprocessing = 0;
		};
/* End PBXSourcesBuildPhase section */

/* Begin PBXVariantGroup section */
		E8155A0E1DEE9B1F00D3A8E7 /* MainMenu.xib */ = {
			isa = PBXVariantGroup;
			children = (
				E8155A0F1DEE9B1F00D3A8E7 /* Base */,
				E8C84FEE1DF53D6600BE767F /* zh-Hans */,
			);
			name = MainMenu.xib;
			sourceTree = "<group>";
		};
/* End PBXVariantGroup section */

/* Begin XCBuildConfiguration section */
		E8155A121DEE9B1F00D3A8E7 /* Debug */ = {
			isa = XCBuildConfiguration;
			buildSettings = {
				ALWAYS_SEARCH_USER_PATHS = NO;
				CLANG_ANALYZER_LOCALIZABILITY_NONLOCALIZED = YES;
				CLANG_ANALYZER_NONNULL = YES;
				CLANG_CXX_LANGUAGE_STANDARD = "gnu++0x";
				CLANG_CXX_LIBRARY = "libc++";
				CLANG_ENABLE_MODULES = YES;
				CLANG_ENABLE_OBJC_ARC = YES;
				CLANG_WARN_BOOL_CONVERSION = YES;
				CLANG_WARN_CONSTANT_CONVERSION = YES;
				CLANG_WARN_DIRECT_OBJC_ISA_USAGE = YES_ERROR;
				CLANG_WARN_DOCUMENTATION_COMMENTS = YES;
				CLANG_WARN_EMPTY_BODY = YES;
				CLANG_WARN_ENUM_CONVERSION = YES;
				CLANG_WARN_INFINITE_RECURSION = YES;
				CLANG_WARN_INT_CONVERSION = YES;
				CLANG_WARN_OBJC_ROOT_CLASS = YES_ERROR;
				CLANG_WARN_SUSPICIOUS_MOVES = YES;
				CLANG_WARN_UNREACHABLE_CODE = YES;
				CLANG_WARN__DUPLICATE_METHOD_MATCH = YES;
				CODE_SIGN_IDENTITY = "-";
				COPY_PHASE_STRIP = NO;
				DEBUG_INFORMATION_FORMAT = dwarf;
				ENABLE_STRICT_OBJC_MSGSEND = YES;
				ENABLE_TESTABILITY = YES;
				GCC_C_LANGUAGE_STANDARD = gnu99;
				GCC_DYNAMIC_NO_PIC = NO;
				GCC_NO_COMMON_BLOCKS = YES;
				GCC_OPTIMIZATION_LEVEL = 0;
				GCC_PREPROCESSOR_DEFINITIONS = (
					"DEBUG=1",
					"$(inherited)",
				);
				GCC_WARN_64_TO_32_BIT_CONVERSION = YES;
				GCC_WARN_ABOUT_RETURN_TYPE = YES_ERROR;
				GCC_WARN_UNDECLARED_SELECTOR = YES;
				GCC_WARN_UNINITIALIZED_AUTOS = YES_AGGRESSIVE;
				GCC_WARN_UNUSED_FUNCTION = YES;
				GCC_WARN_UNUSED_VARIABLE = YES;
				MACOSX_DEPLOYMENT_TARGET = 10.12;
				MTL_ENABLE_DEBUG_INFO = YES;
				ONLY_ACTIVE_ARCH = YES;
				SDKROOT = macosx;
				SWIFT_ACTIVE_COMPILATION_CONDITIONS = DEBUG;
				SWIFT_OPTIMIZATION_LEVEL = "-Onone";
			};
			name = Debug;
		};
		E8155A131DEE9B1F00D3A8E7 /* Release */ = {
			isa = XCBuildConfiguration;
			buildSettings = {
				ALWAYS_SEARCH_USER_PATHS = NO;
				CLANG_ANALYZER_LOCALIZABILITY_NONLOCALIZED = YES;
				CLANG_ANALYZER_NONNULL = YES;
				CLANG_CXX_LANGUAGE_STANDARD = "gnu++0x";
				CLANG_CXX_LIBRARY = "libc++";
				CLANG_ENABLE_MODULES = YES;
				CLANG_ENABLE_OBJC_ARC = YES;
				CLANG_WARN_BOOL_CONVERSION = YES;
				CLANG_WARN_CONSTANT_CONVERSION = YES;
				CLANG_WARN_DIRECT_OBJC_ISA_USAGE = YES_ERROR;
				CLANG_WARN_DOCUMENTATION_COMMENTS = YES;
				CLANG_WARN_EMPTY_BODY = YES;
				CLANG_WARN_ENUM_CONVERSION = YES;
				CLANG_WARN_INFINITE_RECURSION = YES;
				CLANG_WARN_INT_CONVERSION = YES;
				CLANG_WARN_OBJC_ROOT_CLASS = YES_ERROR;
				CLANG_WARN_SUSPICIOUS_MOVES = YES;
				CLANG_WARN_UNREACHABLE_CODE = YES;
				CLANG_WARN__DUPLICATE_METHOD_MATCH = YES;
				CODE_SIGN_IDENTITY = "-";
				COPY_PHASE_STRIP = NO;
				DEBUG_INFORMATION_FORMAT = "dwarf-with-dsym";
				ENABLE_NS_ASSERTIONS = NO;
				ENABLE_STRICT_OBJC_MSGSEND = YES;
				GCC_C_LANGUAGE_STANDARD = gnu99;
				GCC_NO_COMMON_BLOCKS = YES;
				GCC_WARN_64_TO_32_BIT_CONVERSION = YES;
				GCC_WARN_ABOUT_RETURN_TYPE = YES_ERROR;
				GCC_WARN_UNDECLARED_SELECTOR = YES;
				GCC_WARN_UNINITIALIZED_AUTOS = YES_AGGRESSIVE;
				GCC_WARN_UNUSED_FUNCTION = YES;
				GCC_WARN_UNUSED_VARIABLE = YES;
				MACOSX_DEPLOYMENT_TARGET = 10.12;
				MTL_ENABLE_DEBUG_INFO = NO;
				SDKROOT = macosx;
				SWIFT_OPTIMIZATION_LEVEL = "-Owholemodule";
			};
			name = Release;
		};
		E8155A151DEE9B1F00D3A8E7 /* Debug */ = {
			isa = XCBuildConfiguration;
			buildSettings = {
				ASSETCATALOG_COMPILER_APPICON_NAME = AppIcon;
				CLANG_ENABLE_MODULES = YES;
				CODE_SIGN_ENTITLEMENTS = JSONModelForMac/JSONModelForMac.entitlements;
				CODE_SIGN_IDENTITY = "Mac Developer";
				COMBINE_HIDPI_IMAGES = YES;
				DEVELOPMENT_TEAM = 8LQ2J22YEZ;
				INFOPLIST_FILE = JSONModelForMac/Info.plist;
				LD_RUNPATH_SEARCH_PATHS = "$(inherited) @executable_path/../Frameworks";
				MACOSX_DEPLOYMENT_TARGET = 10.10;
				PRODUCT_BUNDLE_IDENTIFIER = "github.com-JerryLoveRice.JSONModelForMac";
				PRODUCT_NAME = "$(TARGET_NAME)";
				SWIFT_OBJC_BRIDGING_HEADER = "JSONModelForMac/JSONModelForMac-Bridging-Header.h";
				SWIFT_OPTIMIZATION_LEVEL = "-Onone";
				SWIFT_VERSION = 3.0;
			};
			name = Debug;
		};
		E8155A161DEE9B1F00D3A8E7 /* Release */ = {
			isa = XCBuildConfiguration;
			buildSettings = {
				ASSETCATALOG_COMPILER_APPICON_NAME = AppIcon;
				CLANG_ENABLE_MODULES = YES;
				CODE_SIGN_ENTITLEMENTS = JSONModelForMac/JSONModelForMac.entitlements;
				CODE_SIGN_IDENTITY = "Mac Developer";
				COMBINE_HIDPI_IMAGES = YES;
				DEVELOPMENT_TEAM = 8LQ2J22YEZ;
				INFOPLIST_FILE = JSONModelForMac/Info.plist;
				LD_RUNPATH_SEARCH_PATHS = "$(inherited) @executable_path/../Frameworks";
				MACOSX_DEPLOYMENT_TARGET = 10.10;
				PRODUCT_BUNDLE_IDENTIFIER = "github.com-JerryLoveRice.JSONModelForMac";
				PRODUCT_NAME = "$(TARGET_NAME)";
				SWIFT_OBJC_BRIDGING_HEADER = "JSONModelForMac/JSONModelForMac-Bridging-Header.h";
				SWIFT_VERSION = 3.0;
			};
			name = Release;
		};
/* End XCBuildConfiguration section */

/* Begin XCConfigurationList section */
		E8155A021DEE9B1F00D3A8E7 /* Build configuration list for PBXProject "JSONModelForMac" */ = {
			isa = XCConfigurationList;
			buildConfigurations = (
				E8155A121DEE9B1F00D3A8E7 /* Debug */,
				E8155A131DEE9B1F00D3A8E7 /* Release */,
			);
			defaultConfigurationIsVisible = 0;
			defaultConfigurationName = Release;
		};
		E8155A141DEE9B1F00D3A8E7 /* Build configuration list for PBXNativeTarget "JSONModelForMac" */ = {
			isa = XCConfigurationList;
			buildConfigurations = (
				E8155A151DEE9B1F00D3A8E7 /* Debug */,
				E8155A161DEE9B1F00D3A8E7 /* Release */,
			);
			defaultConfigurationIsVisible = 0;
			defaultConfigurationName = Release;
		};
/* End XCConfigurationList section */
	};
	rootObject = E81559FF1DEE9B1F00D3A8E7 /* Project object */;
}
